
Microsoft Visual Studio Solution File, Format Version 12.00
# Visual Studio Version 17
VisualStudioVersion = 17.4.33205.214
MinimumVisualStudioVersion = 10.0.40219.1
Project("{2150E333-8FDC-42A3-9474-1A3956D46DE8}") = "Solution Items", "Solution Items", "{C4B8C127-E46C-47AD-BFB4-7054372EC975}"
	ProjectSection(SolutionItems) = preProject
		LICENSE.txt = LICENSE.txt
		README.md = README.md
		Release Backlog.md = Release Backlog.md
	EndProjectSection
EndProject
Project("{9A19103F-16F7-4668-BE54-9A1E7A4F7556}") = "FexSampleSet", "FexSampleSet\FexSampleSet.csproj", "{8136AD86-0F27-4A2D-A7E4-9487EE62864D}"
EndProject
Project("{2150E333-8FDC-42A3-9474-1A3956D46DE8}") = "Docs", "Docs", "{16EDBBE2-1A39-49BD-BB7D-1E8B7E9A8BB6}"
	ProjectSection(SolutionItems) = preProject
		Docs\CustomScanner.md = Docs\CustomScanner.md
		FexGraphs.md = FexGraphs.md
		Docs\FexElementsRef.md = Docs\FexElementsRef.md
		Docs\FexOverview.md = Docs\FexOverview.md
		Docs\FexScannerExt.md = Docs\FexScannerExt.md
	EndProjectSection
EndProject
Project("{9A19103F-16F7-4668-BE54-9A1E7A4F7556}") = "Psw.FlowExpressions", "Psw.FlowExpressions\Psw.FlowExpressions.csproj", "{1F9476C1-73A0-4755-91BF-09B94863CD46}"
EndProject
Global
	GlobalSection(SolutionConfigurationPlatforms) = preSolution
		Debug|Any CPU = Debug|Any CPU
		Release|Any CPU = Release|Any CPU
	EndGlobalSection
	GlobalSection(ProjectConfigurationPlatforms) = postSolution
		{8136AD86-0F27-4A2D-A7E4-9487EE62864D}.Debug|Any CPU.ActiveCfg = Debug|Any CPU
		{8136AD86-0F27-4A2D-A7E4-9487EE62864D}.Debug|Any CPU.Build.0 = Debug|Any CPU
		{8136AD86-0F27-4A2D-A7E4-9487EE62864D}.Release|Any CPU.ActiveCfg = Release|Any CPU
		{8136AD86-0F27-4A2D-A7E4-9487EE62864D}.Release|Any CPU.Build.0 = Release|Any CPU
		{1F9476C1-73A0-4755-91BF-09B94863CD46}.Debug|Any CPU.ActiveCfg = Debug|Any CPU
		{1F9476C1-73A0-4755-91BF-09B94863CD46}.Debug|Any CPU.Build.0 = Debug|Any CPU
		{1F9476C1-73A0-4755-91BF-09B94863CD46}.Release|Any CPU.ActiveCfg = Release|Any CPU
		{1F9476C1-73A0-4755-91BF-09B94863CD46}.Release|Any CPU.Build.0 = Release|Any CPU
	EndGlobalSection
	GlobalSection(SolutionProperties) = preSolution
		HideSolutionNode = FALSE
	EndGlobalSection
	GlobalSection(ExtensibilityGlobals) = postSolution
		SolutionGuid = {2832B6B5-77D6-462B-98D5-36D589EEC3B6}
	EndGlobalSection
EndGlobal
